
Microsoft Visual Studio Solution File, Format Version 12.00
# Visual Studio Version 16
VisualStudioVersion = 16.0.31402.337
MinimumVisualStudioVersion = 10.0.40219.1
Project("{FAE04EC0-301F-11D3-BF4B-00C04F79EFBC}") = "VayanaProjectAPI", "VayanaProjectAPI\VayanaProjectAPI.csproj", "{030902D7-39EE-4658-97BC-70F32D8979DA}"
EndProject
Project("{FAE04EC0-301F-11D3-BF4B-00C04F79EFBC}") = "VayanaProjectService", "VayanaProjectService\VayanaProjectService.csproj", "{E4F69182-4EEF-4ACD-8CFF-CE445E8593BA}"
EndProject
Project("{FAE04EC0-301F-11D3-BF4B-00C04F79EFBC}") = "VayanaProjectServiceContracts", "VayanaProjectServiceContracts\VayanaProjectServiceContracts.csproj", "{EFDF0377-9F0A-4F2A-84CC-9656EF695C36}"
EndProject
Project("{FAE04EC0-301F-11D3-BF4B-00C04F79EFBC}") = "VayanaProjectRepository", "VayanaProjectRepository\VayanaProjectRepository.csproj", "{1219E337-715F-4751-8F3D-EFDAFD60DFFA}"
EndProject
Project("{FAE04EC0-301F-11D3-BF4B-00C04F79EFBC}") = "VayanaProjectDataContracts", "VayanaProjectDataContracts\VayanaProjectDataContracts.csproj", "{78933291-9E24-43EC-B15D-B15D5249053E}"
EndProject
Project("{FAE04EC0-301F-11D3-BF4B-00C04F79EFBC}") = "VayanaProjectDataModels", "VayanaProjectDataModels\VayanaProjectDataModels.csproj", "{DD5DE8E9-BD21-4A5A-8BD3-31210380930B}"
EndProject
Global
	GlobalSection(SolutionConfigurationPlatforms) = preSolution
		Debug|Any CPU = Debug|Any CPU
		Release|Any CPU = Release|Any CPU
	EndGlobalSection
	GlobalSection(ProjectConfigurationPlatforms) = postSolution
		{030902D7-39EE-4658-97BC-70F32D8979DA}.Debug|Any CPU.ActiveCfg = Debug|Any CPU
		{030902D7-39EE-4658-97BC-70F32D8979DA}.Debug|Any CPU.Build.0 = Debug|Any CPU
		{030902D7-39EE-4658-97BC-70F32D8979DA}.Release|Any CPU.ActiveCfg = Release|Any CPU
		{030902D7-39EE-4658-97BC-70F32D8979DA}.Release|Any CPU.Build.0 = Release|Any CPU
		{E4F69182-4EEF-4ACD-8CFF-CE445E8593BA}.Debug|Any CPU.ActiveCfg = Debug|Any CPU
		{E4F69182-4EEF-4ACD-8CFF-CE445E8593BA}.Debug|Any CPU.Build.0 = Debug|Any CPU
		{E4F69182-4EEF-4ACD-8CFF-CE445E8593BA}.Release|Any CPU.ActiveCfg = Release|Any CPU
		{E4F69182-4EEF-4ACD-8CFF-CE445E8593BA}.Release|Any CPU.Build.0 = Release|Any CPU
		{EFDF0377-9F0A-4F2A-84CC-9656EF695C36}.Debug|Any CPU.ActiveCfg = Debug|Any CPU
		{EFDF0377-9F0A-4F2A-84CC-9656EF695C36}.Debug|Any CPU.Build.0 = Debug|Any CPU
		{EFDF0377-9F0A-4F2A-84CC-9656EF695C36}.Release|Any CPU.ActiveCfg = Release|Any CPU
		{EFDF0377-9F0A-4F2A-84CC-9656EF695C36}.Release|Any CPU.Build.0 = Release|Any CPU
		{1219E337-715F-4751-8F3D-EFDAFD60DFFA}.Debug|Any CPU.ActiveCfg = Debug|Any CPU
		{1219E337-715F-4751-8F3D-EFDAFD60DFFA}.Debug|Any CPU.Build.0 = Debug|Any CPU
		{1219E337-715F-4751-8F3D-EFDAFD60DFFA}.Release|Any CPU.ActiveCfg = Release|Any CPU
		{1219E337-715F-4751-8F3D-EFDAFD60DFFA}.Release|Any CPU.Build.0 = Release|Any CPU
		{78933291-9E24-43EC-B15D-B15D5249053E}.Debug|Any CPU.ActiveCfg = Debug|Any CPU
		{78933291-9E24-43EC-B15D-B15D5249053E}.Debug|Any CPU.Build.0 = Debug|Any CPU
		{78933291-9E24-43EC-B15D-B15D5249053E}.Release|Any CPU.ActiveCfg = Release|Any CPU
		{78933291-9E24-43EC-B15D-B15D5249053E}.Release|Any CPU.Build.0 = Release|Any CPU
		{DD5DE8E9-BD21-4A5A-8BD3-31210380930B}.Debug|Any CPU.ActiveCfg = Debug|Any CPU
		{DD5DE8E9-BD21-4A5A-8BD3-31210380930B}.Debug|Any CPU.Build.0 = Debug|Any CPU
		{DD5DE8E9-BD21-4A5A-8BD3-31210380930B}.Release|Any CPU.ActiveCfg = Release|Any CPU
		{DD5DE8E9-BD21-4A5A-8BD3-31210380930B}.Release|Any CPU.Build.0 = Release|Any CPU
	EndGlobalSection
	GlobalSection(SolutionProperties) = preSolution
		HideSolutionNode = FALSE
	EndGlobalSection
	GlobalSection(ExtensibilityGlobals) = postSolution
		SolutionGuid = {E8056D60-38AE-400E-BBF3-4AB63F7D54BD}
	EndGlobalSection
EndGlobal
